
Microsoft Visual Studio Solution File, Format Version 12.00
# Visual Studio Version 17
VisualStudioVersion = 17.5.33414.496
MinimumVisualStudioVersion = 10.0.40219.1
Project("{9A19103F-16F7-4668-BE54-9A1E7A4F7556}") = "EmployeeManagement.API", "EmployeeManagement.API\EmployeeManagement.API.csproj", "{8FDF649F-3ED4-4167-96DB-20FC37654777}"
EndProject
Project("{FAE04EC0-301F-11D3-BF4B-00C04F79EFBC}") = "EmployeeManagement.Business", "EmployeManagement.Business\EmployeeManagement.Business.csproj", "{AE805417-FB0F-4486-BCC8-639D2FB0EB28}"
EndProject
Project("{FAE04EC0-301F-11D3-BF4B-00C04F79EFBC}") = "EmployeeManagement.Common", "EmployeManagement.Common\EmployeeManagement.Common.csproj", "{6CBCE06D-F412-44A3-857C-92A6888827F9}"
EndProject
Project("{FAE04EC0-301F-11D3-BF4B-00C04F79EFBC}") = "EmployeeManagement.Infrastructure", "EmployeManagement.Infrastructure\EmployeeManagement.Infrastructure.csproj", "{5CFE727A-85DF-42D3-8717-9615BF93A96E}"
EndProject
Global
	GlobalSection(SolutionConfigurationPlatforms) = preSolution
		Debug|Any CPU = Debug|Any CPU
		Release|Any CPU = Release|Any CPU
	EndGlobalSection
	GlobalSection(ProjectConfigurationPlatforms) = postSolution
		{8FDF649F-3ED4-4167-96DB-20FC37654777}.Debug|Any CPU.ActiveCfg = Debug|Any CPU
		{8FDF649F-3ED4-4167-96DB-20FC37654777}.Debug|Any CPU.Build.0 = Debug|Any CPU
		{8FDF649F-3ED4-4167-96DB-20FC37654777}.Release|Any CPU.ActiveCfg = Release|Any CPU
		{8FDF649F-3ED4-4167-96DB-20FC37654777}.Release|Any CPU.Build.0 = Release|Any CPU
		{AE805417-FB0F-4486-BCC8-639D2FB0EB28}.Debug|Any CPU.ActiveCfg = Debug|Any CPU
		{AE805417-FB0F-4486-BCC8-639D2FB0EB28}.Debug|Any CPU.Build.0 = Debug|Any CPU
		{AE805417-FB0F-4486-BCC8-639D2FB0EB28}.Release|Any CPU.ActiveCfg = Release|Any CPU
		{AE805417-FB0F-4486-BCC8-639D2FB0EB28}.Release|Any CPU.Build.0 = Release|Any CPU
		{6CBCE06D-F412-44A3-857C-92A6888827F9}.Debug|Any CPU.ActiveCfg = Debug|Any CPU
		{6CBCE06D-F412-44A3-857C-92A6888827F9}.Debug|Any CPU.Build.0 = Debug|Any CPU
		{6CBCE06D-F412-44A3-857C-92A6888827F9}.Release|Any CPU.ActiveCfg = Release|Any CPU
		{6CBCE06D-F412-44A3-857C-92A6888827F9}.Release|Any CPU.Build.0 = Release|Any CPU
		{5CFE727A-85DF-42D3-8717-9615BF93A96E}.Debug|Any CPU.ActiveCfg = Debug|Any CPU
		{5CFE727A-85DF-42D3-8717-9615BF93A96E}.Debug|Any CPU.Build.0 = Debug|Any CPU
		{5CFE727A-85DF-42D3-8717-9615BF93A96E}.Release|Any CPU.ActiveCfg = Release|Any CPU
		{5CFE727A-85DF-42D3-8717-9615BF93A96E}.Release|Any CPU.Build.0 = Release|Any CPU
	EndGlobalSection
	GlobalSection(SolutionProperties) = preSolution
		HideSolutionNode = FALSE
	EndGlobalSection
	GlobalSection(ExtensibilityGlobals) = postSolution
		SolutionGuid = {A7233A59-3782-40D8-AA0E-869BCA44DE38}
	EndGlobalSection
EndGlobal
